
Microsoft Visual Studio Solution File, Format Version 12.00
# Visual Studio 15
VisualStudioVersion = 15.0.28010.2016
MinimumVisualStudioVersion = 10.0.40219.1
Project("{FAE04EC0-301F-11D3-BF4B-00C04F79EFBC}") = "CTimer", "CTimer\CTimer.csproj", "{5BBDD175-3372-48DD-A533-22C093737440}"
EndProject
Project("{FAE04EC0-301F-11D3-BF4B-00C04F79EFBC}") = "CodeX", "CodeX\CodeX.csproj", "{E8000563-F6CA-48D7-80A2-F6481DDC56F5}"
EndProject
Project("{FAE04EC0-301F-11D3-BF4B-00C04F79EFBC}") = "Database", "Database\Database.csproj", "{80A9E5F8-611E-4DEB-9D87-0A27D1511046}"
EndProject
Global
	GlobalSection(SolutionConfigurationPlatforms) = preSolution
		Debug|Any CPU = Debug|Any CPU
		Release|Any CPU = Release|Any CPU
	EndGlobalSection
	GlobalSection(ProjectConfigurationPlatforms) = postSolution
		{5BBDD175-3372-48DD-A533-22C093737440}.Debug|Any CPU.ActiveCfg = Debug|Any CPU
		{5BBDD175-3372-48DD-A533-22C093737440}.Debug|Any CPU.Build.0 = Debug|Any CPU
		{5BBDD175-3372-48DD-A533-22C093737440}.Release|Any CPU.ActiveCfg = Release|Any CPU
		{5BBDD175-3372-48DD-A533-22C093737440}.Release|Any CPU.Build.0 = Release|Any CPU
		{E8000563-F6CA-48D7-80A2-F6481DDC56F5}.Debug|Any CPU.ActiveCfg = Debug|Any CPU
		{E8000563-F6CA-48D7-80A2-F6481DDC56F5}.Debug|Any CPU.Build.0 = Debug|Any CPU
		{E8000563-F6CA-48D7-80A2-F6481DDC56F5}.Release|Any CPU.ActiveCfg = Release|Any CPU
		{E8000563-F6CA-48D7-80A2-F6481DDC56F5}.Release|Any CPU.Build.0 = Release|Any CPU
		{80A9E5F8-611E-4DEB-9D87-0A27D1511046}.Debug|Any CPU.ActiveCfg = Debug|Any CPU
		{80A9E5F8-611E-4DEB-9D87-0A27D1511046}.Debug|Any CPU.Build.0 = Debug|Any CPU
		{80A9E5F8-611E-4DEB-9D87-0A27D1511046}.Release|Any CPU.ActiveCfg = Release|Any CPU
		{80A9E5F8-611E-4DEB-9D87-0A27D1511046}.Release|Any CPU.Build.0 = Release|Any CPU
	EndGlobalSection
	GlobalSection(SolutionProperties) = preSolution
		HideSolutionNode = FALSE
	EndGlobalSection
	GlobalSection(ExtensibilityGlobals) = postSolution
		SolutionGuid = {BBDC2266-64A4-4AB3-A196-E3AB9403873F}
	EndGlobalSection
EndGlobal
